github.com/google/go-cmp v0.4.0 h1:xsAVV57WRhGj6kEIi8ReJzQlHHqcBYCElAvkovg3B/4=
github.com/google/go-cmp v0.4.0/go.mod h1:v8dTdLbMG2kIc/vJvl+f65V22dbkXbowE6jgT/gNBxE=
github.com/gorilla/websocket v1.4.1 h1:q7AeDBpnBk8AogcD4DSag/Ukw/KV+YhzLj2bP5HvKCM=
github.com/gorilla/websocket v1.4.1/go.mod h1:YR8l580nyteQvAITg2hZ9XVh4b55+EU/adAjf1fMHhE=
github.com/jamessouth/clean-tablet v0.0.0-20200218230858-d2c75a73df1d h1:lqPyOUmN3gI/3KV1SZWLOSUD9V9AibAjy/x0eSNerqI=
github.com/jamessouth/clean-tablet v0.0.0-20200218230858-d2c75a73df1d/go.mod h1:8YN6YDUSx2o9WHCybdDGwkcvQe43+Rh57bi1RNV4/sQ=
github.com/jamessouth/clean-tablet/src/server v0.0.0-20200103065557-261c2b9377e2 h1:3YMIBeXw+osIhNuUAWJpVWQZ7ebzKQDwKvXDH0AMfjA=
golang.org/x/xerrors v0.0.0-20191204190536-9bdfabe68543/go.mod h1:I/5z698sn9Ka8TeJc9MKroUUfqBBauWjQqLJ2OPfmY0=
